{
  "version": 4,
  "terraform_version": "1.5.7",
  "serial": 12,
  "lineage": "502b6f01-e1b7-303c-badf-ab3a9ad7beb0",
  "outputs": {},
  "resources": [
    {
      "mode": "managed",
      "type": "linode_instance",
      "name": "terraform-web",
      "provider": "provider[\"registry.terraform.io/linode/linode\"]",
      "instances": [
        {
          "index_key": 0,
          "schema_version": 0,
          "attributes": {
            "alerts": [
              {
                "cpu": 90,
                "io": 10000,
                "network_in": 10,
                "network_out": 10,
                "transfer_quota": 80
              }
            ],
            "authorized_keys": null,
            "authorized_users": null,
            "backup_id": null,
            "backups": [
              {
                "available": false,
                "enabled": false,
                "schedule": [
                  {
                    "day": "",
                    "window": ""
                  }
                ]
              }
            ],
            "backups_enabled": false,
            "boot_config_label": "My locust-load-gen Profile",
            "booted": true,
            "config": [
              {
                "comments": "",
                "devices": [
                  {
                    "sda": [
                      {
                        "disk_id": 110258764,
                        "disk_label": "locust-load-gen",
                        "volume_id": 0
                      }
                    ],
                    "sdb": [
                      {
                        "disk_id": 110258765,
                        "disk_label": "512 MB Swap Image",
                        "volume_id": 0
                      }
                    ],
                    "sdc": [],
                    "sdd": [],
                    "sde": [],
                    "sdf": [],
                    "sdg": [],
                    "sdh": []
                  }
                ],
                "helpers": [
                  {
                    "devtmpfs_automount": true,
                    "distro": true,
                    "modules_dep": true,
                    "network": true,
                    "updatedb_disabled": true
                  }
                ],
                "id": 58863208,
                "interface": [],
                "kernel": "linode/latest-64bit",
                "label": "My locust-load-gen Profile",
                "memory_limit": 0,
                "root_device": "/dev/sda",
                "run_level": "default",
                "virt_mode": "paravirt"
              }
            ],
            "disk": [
              {
                "authorized_keys": [],
                "authorized_users": [],
                "filesystem": "ext4",
                "id": 110258764,
                "image": "",
                "label": "locust-load-gen",
                "read_only": false,
                "root_pass": "",
                "size": 50688,
                "stackscript_data": {},
                "stackscript_id": 0
              },
              {
                "authorized_keys": [],
                "authorized_users": [],
                "filesystem": "swap",
                "id": 110258765,
                "image": "",
                "label": "512 MB Swap Image",
                "read_only": false,
                "root_pass": "",
                "size": 512,
                "stackscript_data": {},
                "stackscript_id": 0
              }
            ],
            "firewall_id": null,
            "group": "",
            "has_user_data": false,
            "host_uuid": "c07a5b2b29e3a68fe08c371a0ce903be8431df0c",
            "id": "55736394",
            "image": "private/21445145",
            "interface": [],
            "ip_address": "23.92.20.180",
            "ipv4": [
              "23.92.20.180"
            ],
            "ipv6": "2600:3c03::f03c:94ff:fe2d:d3dd/128",
            "label": "var1",
            "metadata": [],
            "migration_type": "cold",
            "private_ip": false,
            "private_ip_address": null,
            "region": "us-east",
            "resize_disk": false,
            "root_pass": "C/DAy3DHlZeX3eOFnECYZ4wI9P69VNHiq0Gq/4Ma/ETe3XfHy5WFqSWNGLkxAPAA98tgdYMJnwT+USIBlRJzhQ==",
            "shared_ipv4": [],
            "specs": [
              {
                "disk": 51200,
                "memory": 2048,
                "transfer": 2000,
                "vcpus": 1
              }
            ],
            "stackscript_data": null,
            "stackscript_id": null,
            "status": "running",
            "swap_size": 512,
            "tags": [],
            "timeouts": null,
            "type": "g6-standard-1",
            "watchdog_enabled": true
          },
          "sensitive_attributes": [],
          "private": "eyJlMmJmYjczMC1lY2FhLTExZTYtOGY4OC0zNDM2M2JjN2M0YzAiOnsiY3JlYXRlIjo5MDAwMDAwMDAwMDAsImRlbGV0ZSI6NjAwMDAwMDAwMDAwLCJ1cGRhdGUiOjM2MDAwMDAwMDAwMDB9fQ=="
        },
        {
          "index_key": 1,
          "schema_version": 0,
          "attributes": {
            "alerts": [
              {
                "cpu": 90,
                "io": 10000,
                "network_in": 10,
                "network_out": 10,
                "transfer_quota": 80
              }
            ],
            "authorized_keys": null,
            "authorized_users": null,
            "backup_id": null,
            "backups": [
              {
                "available": false,
                "enabled": false,
                "schedule": [
                  {
                    "day": "",
                    "window": ""
                  }
                ]
              }
            ],
            "backups_enabled": false,
            "boot_config_label": "My locust-load-gen Profile",
            "booted": true,
            "config": [
              {
                "comments": "",
                "devices": [
                  {
                    "sda": [
                      {
                        "disk_id": 110258766,
                        "disk_label": "locust-load-gen",
                        "volume_id": 0
                      }
                    ],
                    "sdb": [
                      {
                        "disk_id": 110258767,
                        "disk_label": "512 MB Swap Image",
                        "volume_id": 0
                      }
                    ],
                    "sdc": [],
                    "sdd": [],
                    "sde": [],
                    "sdf": [],
                    "sdg": [],
                    "sdh": []
                  }
                ],
                "helpers": [
                  {
                    "devtmpfs_automount": true,
                    "distro": true,
                    "modules_dep": true,
                    "network": true,
                    "updatedb_disabled": true
                  }
                ],
                "id": 58863209,
                "interface": [],
                "kernel": "linode/latest-64bit",
                "label": "My locust-load-gen Profile",
                "memory_limit": 0,
                "root_device": "/dev/sda",
                "run_level": "default",
                "virt_mode": "paravirt"
              }
            ],
            "disk": [
              {
                "authorized_keys": [],
                "authorized_users": [],
                "filesystem": "ext4",
                "id": 110258766,
                "image": "",
                "label": "locust-load-gen",
                "read_only": false,
                "root_pass": "",
                "size": 50688,
                "stackscript_data": {},
                "stackscript_id": 0
              },
              {
                "authorized_keys": [],
                "authorized_users": [],
                "filesystem": "swap",
                "id": 110258767,
                "image": "",
                "label": "512 MB Swap Image",
                "read_only": false,
                "root_pass": "",
                "size": 512,
                "stackscript_data": {},
                "stackscript_id": 0
              }
            ],
            "firewall_id": null,
            "group": "",
            "has_user_data": false,
            "host_uuid": "84ffc158f638c0101cc381e701dceaa9e0b99595",
            "id": "55736395",
            "image": "private/21445145",
            "interface": [],
            "ip_address": "23.92.20.195",
            "ipv4": [
              "23.92.20.195"
            ],
            "ipv6": "2600:3c03::f03c:94ff:fe2d:d35b/128",
            "label": "var2",
            "metadata": [],
            "migration_type": "cold",
            "private_ip": false,
            "private_ip_address": null,
            "region": "us-east",
            "resize_disk": false,
            "root_pass": "C/DAy3DHlZeX3eOFnECYZ4wI9P69VNHiq0Gq/4Ma/ETe3XfHy5WFqSWNGLkxAPAA98tgdYMJnwT+USIBlRJzhQ==",
            "shared_ipv4": [],
            "specs": [
              {
                "disk": 51200,
                "memory": 2048,
                "transfer": 2000,
                "vcpus": 1
              }
            ],
            "stackscript_data": null,
            "stackscript_id": null,
            "status": "running",
            "swap_size": 512,
            "tags": [],
            "timeouts": null,
            "type": "g6-standard-1",
            "watchdog_enabled": true
          },
          "sensitive_attributes": [],
          "private": "eyJlMmJmYjczMC1lY2FhLTExZTYtOGY4OC0zNDM2M2JjN2M0YzAiOnsiY3JlYXRlIjo5MDAwMDAwMDAwMDAsImRlbGV0ZSI6NjAwMDAwMDAwMDAwLCJ1cGRhdGUiOjM2MDAwMDAwMDAwMDB9fQ=="
        },
        {
          "index_key": 2,
          "schema_version": 0,
          "attributes": {
            "alerts": [
              {
                "cpu": 90,
                "io": 10000,
                "network_in": 10,
                "network_out": 10,
                "transfer_quota": 80
              }
            ],
            "authorized_keys": null,
            "authorized_users": null,
            "backup_id": null,
            "backups": [
              {
                "available": false,
                "enabled": false,
                "schedule": [
                  {
                    "day": "",
                    "window": ""
                  }
                ]
              }
            ],
            "backups_enabled": false,
            "boot_config_label": "My locust-load-gen Profile",
            "booted": true,
            "config": [
              {
                "comments": "",
                "devices": [
                  {
                    "sda": [
                      {
                        "disk_id": 110258768,
                        "disk_label": "locust-load-gen",
                        "volume_id": 0
                      }
                    ],
                    "sdb": [
                      {
                        "disk_id": 110258769,
                        "disk_label": "512 MB Swap Image",
                        "volume_id": 0
                      }
                    ],
                    "sdc": [],
                    "sdd": [],
                    "sde": [],
                    "sdf": [],
                    "sdg": [],
                    "sdh": []
                  }
                ],
                "helpers": [
                  {
                    "devtmpfs_automount": true,
                    "distro": true,
                    "modules_dep": true,
                    "network": true,
                    "updatedb_disabled": true
                  }
                ],
                "id": 58863210,
                "interface": [],
                "kernel": "linode/latest-64bit",
                "label": "My locust-load-gen Profile",
                "memory_limit": 0,
                "root_device": "/dev/sda",
                "run_level": "default",
                "virt_mode": "paravirt"
              }
            ],
            "disk": [
              {
                "authorized_keys": [],
                "authorized_users": [],
                "filesystem": "ext4",
                "id": 110258768,
                "image": "",
                "label": "locust-load-gen",
                "read_only": false,
                "root_pass": "",
                "size": 50688,
                "stackscript_data": {},
                "stackscript_id": 0
              },
              {
                "authorized_keys": [],
                "authorized_users": [],
                "filesystem": "swap",
                "id": 110258769,
                "image": "",
                "label": "512 MB Swap Image",
                "read_only": false,
                "root_pass": "",
                "size": 512,
                "stackscript_data": {},
                "stackscript_id": 0
              }
            ],
            "firewall_id": null,
            "group": "",
            "has_user_data": false,
            "host_uuid": "0350e863be1a2417f13238bd750e93ffe1831750",
            "id": "55736396",
            "image": "private/21445145",
            "interface": [],
            "ip_address": "23.92.20.206",
            "ipv4": [
              "23.92.20.206"
            ],
            "ipv6": "2600:3c03::f03c:94ff:fe2d:d3b8/128",
            "label": "var3",
            "metadata": [],
            "migration_type": "cold",
            "private_ip": false,
            "private_ip_address": null,
            "region": "us-east",
            "resize_disk": false,
            "root_pass": "C/DAy3DHlZeX3eOFnECYZ4wI9P69VNHiq0Gq/4Ma/ETe3XfHy5WFqSWNGLkxAPAA98tgdYMJnwT+USIBlRJzhQ==",
            "shared_ipv4": [],
            "specs": [
              {
                "disk": 51200,
                "memory": 2048,
                "transfer": 2000,
                "vcpus": 1
              }
            ],
            "stackscript_data": null,
            "stackscript_id": null,
            "status": "running",
            "swap_size": 512,
            "tags": [],
            "timeouts": null,
            "type": "g6-standard-1",
            "watchdog_enabled": true
          },
          "sensitive_attributes": [],
          "private": "eyJlMmJmYjczMC1lY2FhLTExZTYtOGY4OC0zNDM2M2JjN2M0YzAiOnsiY3JlYXRlIjo5MDAwMDAwMDAwMDAsImRlbGV0ZSI6NjAwMDAwMDAwMDAwLCJ1cGRhdGUiOjM2MDAwMDAwMDAwMDB9fQ=="
        }
      ]
    }
  ],
  "check_results": null
}
